
Microsoft Visual Studio Solution File, Format Version 12.00
# Visual Studio Version 16
VisualStudioVersion = 16.0.30717.126
MinimumVisualStudioVersion = 10.0.40219.1
Project("{FAE04EC0-301F-11D3-BF4B-00C04F79EFBC}") = "Inventory Rest API", "Inventory Rest API\Inventory Rest API.csproj", "{D526C1F3-F4C5-4797-8A54-7209E75C79AB}"
EndProject
Global
	GlobalSection(SolutionConfigurationPlatforms) = preSolution
		Debug|Any CPU = Debug|Any CPU
		Release|Any CPU = Release|Any CPU
	EndGlobalSection
	GlobalSection(ProjectConfigurationPlatforms) = postSolution
		{D526C1F3-F4C5-4797-8A54-7209E75C79AB}.Debug|Any CPU.ActiveCfg = Debug|Any CPU
		{D526C1F3-F4C5-4797-8A54-7209E75C79AB}.Debug|Any CPU.Build.0 = Debug|Any CPU
		{D526C1F3-F4C5-4797-8A54-7209E75C79AB}.Release|Any CPU.ActiveCfg = Release|Any CPU
		{D526C1F3-F4C5-4797-8A54-7209E75C79AB}.Release|Any CPU.Build.0 = Release|Any CPU
	EndGlobalSection
	GlobalSection(SolutionProperties) = preSolution
		HideSolutionNode = FALSE
	EndGlobalSection
	GlobalSection(ExtensibilityGlobals) = postSolution
		SolutionGuid = {1336D17A-237C-4AEF-8D29-3BCF075A103F}
	EndGlobalSection
EndGlobal
